
Microsoft Visual Studio Solution File, Format Version 12.00
# Visual Studio Version 17
VisualStudioVersion = 17.0.32112.339
MinimumVisualStudioVersion = 10.0.40219.1
Project("{FAE04EC0-301F-11D3-BF4B-00C04F79EFBC}") = "HW8", "HW8\HW8.csproj", "{6E1A169C-51A3-4A82-9D5E-AC995E8273DE}"
EndProject
Project("{FAE04EC0-301F-11D3-BF4B-00C04F79EFBC}") = "Task3", "Task3\Task3.csproj", "{00BFEA4B-72D0-4659-833E-78A478C18308}"
EndProject
Project("{FAE04EC0-301F-11D3-BF4B-00C04F79EFBC}") = "Task1", "Task1\Task1.csproj", "{20047475-2E1C-414E-B8A8-90A22735ED5E}"
EndProject
Global
	GlobalSection(SolutionConfigurationPlatforms) = preSolution
		Debug|Any CPU = Debug|Any CPU
		Release|Any CPU = Release|Any CPU
	EndGlobalSection
	GlobalSection(ProjectConfigurationPlatforms) = postSolution
		{6E1A169C-51A3-4A82-9D5E-AC995E8273DE}.Debug|Any CPU.ActiveCfg = Debug|Any CPU
		{6E1A169C-51A3-4A82-9D5E-AC995E8273DE}.Debug|Any CPU.Build.0 = Debug|Any CPU
		{6E1A169C-51A3-4A82-9D5E-AC995E8273DE}.Release|Any CPU.ActiveCfg = Release|Any CPU
		{6E1A169C-51A3-4A82-9D5E-AC995E8273DE}.Release|Any CPU.Build.0 = Release|Any CPU
		{00BFEA4B-72D0-4659-833E-78A478C18308}.Debug|Any CPU.ActiveCfg = Debug|Any CPU
		{00BFEA4B-72D0-4659-833E-78A478C18308}.Debug|Any CPU.Build.0 = Debug|Any CPU
		{00BFEA4B-72D0-4659-833E-78A478C18308}.Release|Any CPU.ActiveCfg = Release|Any CPU
		{00BFEA4B-72D0-4659-833E-78A478C18308}.Release|Any CPU.Build.0 = Release|Any CPU
		{20047475-2E1C-414E-B8A8-90A22735ED5E}.Debug|Any CPU.ActiveCfg = Debug|Any CPU
		{20047475-2E1C-414E-B8A8-90A22735ED5E}.Debug|Any CPU.Build.0 = Debug|Any CPU
		{20047475-2E1C-414E-B8A8-90A22735ED5E}.Release|Any CPU.ActiveCfg = Release|Any CPU
		{20047475-2E1C-414E-B8A8-90A22735ED5E}.Release|Any CPU.Build.0 = Release|Any CPU
	EndGlobalSection
	GlobalSection(SolutionProperties) = preSolution
		HideSolutionNode = FALSE
	EndGlobalSection
	GlobalSection(ExtensibilityGlobals) = postSolution
		SolutionGuid = {E59BBE66-0F8E-45A4-B781-DCF794015BD5}
	EndGlobalSection
EndGlobal
